
Microsoft Visual Studio Solution File, Format Version 12.00
# Visual Studio Version 17
VisualStudioVersion = 17.3.32922.545
MinimumVisualStudioVersion = 10.0.40219.1
Project("{FAE04EC0-301F-11D3-BF4B-00C04F79EFBC}") = "ProjetoDeTeste", "ProjetoDeTeste\ProjetoDeTeste.csproj", "{6A41B594-9841-4575-94F2-D9B491D769F8}"
EndProject
Global
	GlobalSection(SolutionConfigurationPlatforms) = preSolution
		Debug|Any CPU = Debug|Any CPU
		Release|Any CPU = Release|Any CPU
	EndGlobalSection
	GlobalSection(ProjectConfigurationPlatforms) = postSolution
		{6A41B594-9841-4575-94F2-D9B491D769F8}.Debug|Any CPU.ActiveCfg = Debug|Any CPU
		{6A41B594-9841-4575-94F2-D9B491D769F8}.Debug|Any CPU.Build.0 = Debug|Any CPU
		{6A41B594-9841-4575-94F2-D9B491D769F8}.Release|Any CPU.ActiveCfg = Release|Any CPU
		{6A41B594-9841-4575-94F2-D9B491D769F8}.Release|Any CPU.Build.0 = Release|Any CPU
	EndGlobalSection
	GlobalSection(SolutionProperties) = preSolution
		HideSolutionNode = FALSE
	EndGlobalSection
	GlobalSection(ExtensibilityGlobals) = postSolution
		SolutionGuid = {82D2C33A-84DD-4934-9FCF-D7205F6C6486}
	EndGlobalSection
EndGlobal
